# THIS IS AN AUTOGENERATED FILE. DO NOT EDIT THIS FILE DIRECTLY.
# yarn lockfile v1


"@types/uuid@^9.0.1":
  version "9.0.1"
  resolved "https://registry.yarnpkg.com/@types/uuid/-/uuid-9.0.1.tgz#98586dc36aee8dacc98cc396dbca8d0429647aa6"
  integrity sha512-rFT3ak0/2trgvp4yYZo5iKFEPsET7vKydKF+VRCxlQ9bpheehyAJH89dAkaLEq/j/RZXJIqcgsmPJKUP1Z28HA==
